github.com/emirpasic/gods v1.18.1 h1:FXtiHYKDGKCW2KzwZKx0iC0PQmdlorYgdFG9jPXJ1Bc=
github.com/emirpasic/gods v1.18.1/go.mod h1:8tpGGwCnJ5H4r6BWwaV6OrWmMoPhUl5jm/FMNAnJvWQ=
github.com/ugurcsen/gods-generic v0.10.2 h1:dE/4oQEeO/oMVcWwcVeJhboxYJ0WVIbVVjOGJ32xL90=
github.com/ugurcsen/gods-generic v0.10.2/go.mod h1:mGYOa88Y5sbw+ADXLpScxjJ7s5iHoWya/YHyeQ4f6c4=
